
Microsoft Visual Studio Solution File, Format Version 12.00
# Visual Studio Version 17
VisualStudioVersion = 17.13.35818.85 d17.13
MinimumVisualStudioVersion = 10.0.40219.1
Project("{888888A0-9F3D-457C-B088-3A5042F75D52}") = "CLIENT-ADMIN", "CLIENT-ADMIN.pyproj", "{90B5AD41-9311-474D-9041-06D6DEE66CC8}"
EndProject
Global
	GlobalSection(SolutionConfigurationPlatforms) = preSolution
		Debug|Any CPU = Debug|Any CPU
		Release|Any CPU = Release|Any CPU
	EndGlobalSection
	GlobalSection(ProjectConfigurationPlatforms) = postSolution
		{90B5AD41-9311-474D-9041-06D6DEE66CC8}.Debug|Any CPU.ActiveCfg = Debug|Any CPU
		{90B5AD41-9311-474D-9041-06D6DEE66CC8}.Release|Any CPU.ActiveCfg = Release|Any CPU
	EndGlobalSection
	GlobalSection(SolutionProperties) = preSolution
		HideSolutionNode = FALSE
	EndGlobalSection
	GlobalSection(ExtensibilityGlobals) = postSolution
		SolutionGuid = {D7C30D26-728C-42FE-BEA4-25FC9F59DD91}
	EndGlobalSection
EndGlobal
